
Microsoft Visual Studio Solution File, Format Version 12.00
# Visual Studio 2015
Project("{FAE04EC0-301F-11D3-BF4B-00C04F79EFBC}") = "SpeechRec.CSharp", "SpeechRec.CSharp.csproj", "{53A4ABF6-DE66-73F4-3601-5B44AE2A906D}"
EndProject
Global
	GlobalSection(SolutionConfigurationPlatforms) = preSolution
		Debug|Any CPU = Debug|Any CPU
		Release|Any CPU = Release|Any CPU
	EndGlobalSection
	GlobalSection(ProjectConfigurationPlatforms) = postSolution
		{53A4ABF6-DE66-73F4-3601-5B44AE2A906D}.Debug|Any CPU.ActiveCfg = Debug|Any CPU
		{53A4ABF6-DE66-73F4-3601-5B44AE2A906D}.Debug|Any CPU.Build.0 = Debug|Any CPU
		{53A4ABF6-DE66-73F4-3601-5B44AE2A906D}.Release|Any CPU.ActiveCfg = Release|Any CPU
		{53A4ABF6-DE66-73F4-3601-5B44AE2A906D}.Release|Any CPU.Build.0 = Release|Any CPU
	EndGlobalSection
	GlobalSection(SolutionProperties) = preSolution
		HideSolutionNode = FALSE
	EndGlobalSection
EndGlobal
